// !$*UTF8*$!
{
	archiveVersion = 1;
	classes = {
	};
	objectVersion = 50;
	objects = {

/* Begin PBXBuildFile section */
		184F9011254365E200FAA6E7 /* secondTableViewCell.swift in Sources */ = {isa = PBXBuildFile; fileRef = 184F9010254365E200FAA6E7 /* secondTableViewCell.swift */; };
		18D6B7562542B90700B29CD3 /* AppDelegate.swift in Sources */ = {isa = PBXBuildFile; fileRef = 18D6B7552542B90700B29CD3 /* AppDelegate.swift */; };
		18D6B7582542B90700B29CD3 /* SceneDelegate.swift in Sources */ = {isa = PBXBuildFile; fileRef = 18D6B7572542B90700B29CD3 /* SceneDelegate.swift */; };
		18D6B75A2542B90700B29CD3 /* ViewController.swift in Sources */ = {isa = PBXBuildFile; fileRef = 18D6B7592542B90700B29CD3 /* ViewController.swift */; };
		18D6B75D2542B90700B29CD3 /* Main.storyboard in Resources */ = {isa = PBXBuildFile; fileRef = 18D6B75B2542B90700B29CD3 /* Main.storyboard */; };
		18D6B75F2542B91300B29CD3 /* Assets.xcassets in Resources */ = {isa = PBXBuildFile; fileRef = 18D6B75E2542B91300B29CD3 /* Assets.xcassets */; };
		18D6B7622542B91300B29CD3 /* LaunchScreen.storyboard in Resources */ = {isa = PBXBuildFile; fileRef = 18D6B7602542B91300B29CD3 /* LaunchScreen.storyboard */; };
		18D6B76C2542DFAA00B29CD3 /* Designables.swift in Sources */ = {isa = PBXBuildFile; fileRef = 18D6B76B2542DFAA00B29CD3 /* Designables.swift */; };
		18D6B76F2542E5CA00B29CD3 /* TTNorms-Bold.otf in Resources */ = {isa = PBXBuildFile; fileRef = 18D6B76E2542E5CA00B29CD3 /* TTNorms-Bold.otf */; };
		18D6B7772542E91E00B29CD3 /* TTNorms-Light.otf in Resources */ = {isa = PBXBuildFile; fileRef = 18D6B7742542E91E00B29CD3 /* TTNorms-Light.otf */; };
		18D6B7782542E91E00B29CD3 /* TTNorms-Regular.otf in Resources */ = {isa = PBXBuildFile; fileRef = 18D6B7752542E91E00B29CD3 /* TTNorms-Regular.otf */; };
		18D6B7792542E91E00B29CD3 /* TTNorms-Medium.otf in Resources */ = {isa = PBXBuildFile; fileRef = 18D6B7762542E91E00B29CD3 /* TTNorms-Medium.otf */; };
		18D6B77D2542EC4E00B29CD3 /* Extensions.swift in Sources */ = {isa = PBXBuildFile; fileRef = 18D6B77C2542EC4E00B29CD3 /* Extensions.swift */; };
		18D6B7802542F11400B29CD3 /* TableViewCell.swift in Sources */ = {isa = PBXBuildFile; fileRef = 18D6B77F2542F11400B29CD3 /* TableViewCell.swift */; };
		18D6B7842542F76700B29CD3 /* tableViewData.swift in Sources */ = {isa = PBXBuildFile; fileRef = 18D6B7832542F76700B29CD3 /* tableViewData.swift */; };
/* End PBXBuildFile section */

/* Begin PBXFileReference section */
		184F9010254365E200FAA6E7 /* secondTableViewCell.swift */ = {isa = PBXFileReference; lastKnownFileType = sourcecode.swift; path = secondTableViewCell.swift; sourceTree = "<group>"; };
		18D6B7522542B90700B29CD3 /* First_Project.app */ = {isa = PBXFileReference; explicitFileType = wrapper.application; includeInIndex = 0; path = First_Project.app; sourceTree = BUILT_PRODUCTS_DIR; };
		18D6B7552542B90700B29CD3 /* AppDelegate.swift */ = {isa = PBXFileReference; lastKnownFileType = sourcecode.swift; path = AppDelegate.swift; sourceTree = "<group>"; };
		18D6B7572542B90700B29CD3 /* SceneDelegate.swift */ = {isa = PBXFileReference; lastKnownFileType = sourcecode.swift; path = SceneDelegate.swift; sourceTree = "<group>"; };
		18D6B7592542B90700B29CD3 /* ViewController.swift */ = {isa = PBXFileReference; lastKnownFileType = sourcecode.swift; path = ViewController.swift; sourceTree = "<group>"; };
		18D6B75C2542B90700B29CD3 /* Base */ = {isa = PBXFileReference; lastKnownFileType = file.storyboard; name = Base; path = Base.lproj/Main.storyboard; sourceTree = "<group>"; };
		18D6B75E2542B91300B29CD3 /* Assets.xcassets */ = {isa = PBXFileReference; lastKnownFileType = folder.assetcatalog; path = Assets.xcassets; sourceTree = "<group>"; };
		18D6B7612542B91300B29CD3 /* Base */ = {isa = PBXFileReference; lastKnownFileType = file.storyboard; name = Base; path = Base.lproj/LaunchScreen.storyboard; sourceTree = "<group>"; };
		18D6B7632542B91300B29CD3 /* Info.plist */ = {isa = PBXFileReference; lastKnownFileType = text.plist.xml; path = Info.plist; sourceTree = "<group>"; };
		18D6B76B2542DFAA00B29CD3 /* Designables.swift */ = {isa = PBXFileReference; lastKnownFileType = sourcecode.swift; path = Designables.swift; sourceTree = "<group>"; };
		18D6B76E2542E5CA00B29CD3 /* TTNorms-Bold.otf */ = {isa = PBXFileReference; lastKnownFileType = file; path = "TTNorms-Bold.otf"; sourceTree = "<group>"; };
		18D6B7742542E91E00B29CD3 /* TTNorms-Light.otf */ = {isa = PBXFileReference; lastKnownFileType = file; path = "TTNorms-Light.otf"; sourceTree = "<group>"; };
		18D6B7752542E91E00B29CD3 /* TTNorms-Regular.otf */ = {isa = PBXFileReference; lastKnownFileType = file; path = "TTNorms-Regular.otf"; sourceTree = "<group>"; };
		18D6B7762542E91E00B29CD3 /* TTNorms-Medium.otf */ = {isa = PBXFileReference; lastKnownFileType = file; path = "TTNorms-Medium.otf"; sourceTree = "<group>"; };
		18D6B77C2542EC4E00B29CD3 /* Extensions.swift */ = {isa = PBXFileReference; lastKnownFileType = sourcecode.swift; path = Extensions.swift; sourceTree = "<group>"; };
		18D6B77F2542F11400B29CD3 /* TableViewCell.swift */ = {isa = PBXFileReference; lastKnownFileType = sourcecode.swift; path = TableViewCell.swift; sourceTree = "<group>"; };
		18D6B7832542F76700B29CD3 /* tableViewData.swift */ = {isa = PBXFileReference; lastKnownFileType = sourcecode.swift; path = tableViewData.swift; sourceTree = "<group>"; };
/* End PBXFileReference section */

/* Begin PBXFrameworksBuildPhase section */
		18D6B74F2542B90700B29CD3 /* Frameworks */ = {
			isa = PBXFrameworksBuildPhase;
			buildActionMask = 2147483647;
			files = (
			);
			runOnlyForDeploymentPostprocessing = 0;
		};
/* End PBXFrameworksBuildPhase section */

/* Begin PBXGroup section */
		18D6B7492542B90700B29CD3 = {
			isa = PBXGroup;
			children = (
				18D6B7542542B90700B29CD3 /* First_Project */,
				18D6B7532542B90700B29CD3 /* Products */,
			);
			sourceTree = "<group>";
		};
		18D6B7532542B90700B29CD3 /* Products */ = {
			isa = PBXGroup;
			children = (
				18D6B7522542B90700B29CD3 /* First_Project.app */,
			);
			name = Products;
			sourceTree = "<group>";
		};
		18D6B7542542B90700B29CD3 /* First_Project */ = {
			isa = PBXGroup;
			children = (
				18D6B7822542F74B00B29CD3 /* Data */,
				18D6B76A2542DF9000B29CD3 /* Utilities */,
				18D6B7552542B90700B29CD3 /* AppDelegate.swift */,
				18D6B7572542B90700B29CD3 /* SceneDelegate.swift */,
				18D6B7592542B90700B29CD3 /* ViewController.swift */,
				18D6B75B2542B90700B29CD3 /* Main.storyboard */,
				18D6B75E2542B91300B29CD3 /* Assets.xcassets */,
				18D6B7602542B91300B29CD3 /* LaunchScreen.storyboard */,
				18D6B7632542B91300B29CD3 /* Info.plist */,
				18D6B77F2542F11400B29CD3 /* TableViewCell.swift */,
				184F9010254365E200FAA6E7 /* secondTableViewCell.swift */,
			);
			path = First_Project;
			sourceTree = "<group>";
		};
		18D6B76A2542DF9000B29CD3 /* Utilities */ = {
			isa = PBXGroup;
			children = (
				18D6B76B2542DFAA00B29CD3 /* Designables.swift */,
				18D6B7722542E5E800B29CD3 /* Fonts */,
				18D6B77C2542EC4E00B29CD3 /* Extensions.swift */,
			);
			path = Utilities;
			sourceTree = "<group>";
		};
		18D6B7722542E5E800B29CD3 /* Fonts */ = {
			isa = PBXGroup;
			children = (
				18D6B76E2542E5CA00B29CD3 /* TTNorms-Bold.otf */,
				18D6B7742542E91E00B29CD3 /* TTNorms-Light.otf */,
				18D6B7762542E91E00B29CD3 /* TTNorms-Medium.otf */,
				18D6B7752542E91E00B29CD3 /* TTNorms-Regular.otf */,
			);
			path = Fonts;
			sourceTree = "<group>";
		};
		18D6B7822542F74B00B29CD3 /* Data */ = {
			isa = PBXGroup;
			children = (
				18D6B7832542F76700B29CD3 /* tableViewData.swift */,
			);
			path = Data;
			sourceTree = "<group>";
		};
/* End PBXGroup section */

/* Begin PBXNativeTarget section */
		18D6B7512542B90700B29CD3 /* First_Project */ = {
			isa = PBXNativeTarget;
			buildConfigurationList = 18D6B7662542B91300B29CD3 /* Build configuration list for PBXNativeTarget "First_Project" */;
			buildPhases = (
				18D6B74E2542B90700B29CD3 /* Sources */,
				18D6B74F2542B90700B29CD3 /* Frameworks */,
				18D6B7502542B90700B29CD3 /* Resources */,
			);
			buildRules = (
			);
			dependencies = (
			);
			name = First_Project;
			productName = First_Project;
			productReference = 18D6B7522542B90700B29CD3 /* First_Project.app */;
			productType = "com.apple.product-type.application";
		};
/* End PBXNativeTarget section */

/* Begin PBXProject section */
		18D6B74A2542B90700B29CD3 /* Project object */ = {
			isa = PBXProject;
			attributes = {
				LastSwiftUpdateCheck = 1210;
				LastUpgradeCheck = 1210;
				TargetAttributes = {
					18D6B7512542B90700B29CD3 = {
						CreatedOnToolsVersion = 12.1;
					};
				};
			};
			buildConfigurationList = 18D6B74D2542B90700B29CD3 /* Build configuration list for PBXProject "First_Project" */;
			compatibilityVersion = "Xcode 9.3";
			developmentRegion = en;
			hasScannedForEncodings = 0;
			knownRegions = (
				en,
				Base,
			);
			mainGroup = 18D6B7492542B90700B29CD3;
			productRefGroup = 18D6B7532542B90700B29CD3 /* Products */;
			projectDirPath = "";
			projectRoot = "";
			targets = (
				18D6B7512542B90700B29CD3 /* First_Project */,
			);
		};
/* End PBXProject section */

/* Begin PBXResourcesBuildPhase section */
		18D6B7502542B90700B29CD3 /* Resources */ = {
			isa = PBXResourcesBuildPhase;
			buildActionMask = 2147483647;
			files = (
				18D6B76F2542E5CA00B29CD3 /* TTNorms-Bold.otf in Resources */,
				18D6B7622542B91300B29CD3 /* LaunchScreen.storyboard in Resources */,
				18D6B7782542E91E00B29CD3 /* TTNorms-Regular.otf in Resources */,
				18D6B75F2542B91300B29CD3 /* Assets.xcassets in Resources */,
				18D6B75D2542B90700B29CD3 /* Main.storyboard in Resources */,
				18D6B7772542E91E00B29CD3 /* TTNorms-Light.otf in Resources */,
				18D6B7792542E91E00B29CD3 /* TTNorms-Medium.otf in Resources */,
			);
			runOnlyForDeploymentPostprocessing = 0;
		};
/* End PBXResourcesBuildPhase section */

/* Begin PBXSourcesBuildPhase section */
		18D6B74E2542B90700B29CD3 /* Sources */ = {
			isa = PBXSourcesBuildPhase;
			buildActionMask = 2147483647;
			files = (
				18D6B77D2542EC4E00B29CD3 /* Extensions.swift in Sources */,
				18D6B75A2542B90700B29CD3 /* ViewController.swift in Sources */,
				18D6B7842542F76700B29CD3 /* tableViewData.swift in Sources */,
				184F9011254365E200FAA6E7 /* secondTableViewCell.swift in Sources */,
				18D6B76C2542DFAA00B29CD3 /* Designables.swift in Sources */,
				18D6B7802542F11400B29CD3 /* TableViewCell.swift in Sources */,
				18D6B7562542B90700B29CD3 /* AppDelegate.swift in Sources */,
				18D6B7582542B90700B29CD3 /* SceneDelegate.swift in Sources */,
			);
			runOnlyForDeploymentPostprocessing = 0;
		};
/* End PBXSourcesBuildPhase section */

/* Begin PBXVariantGroup section */
		18D6B75B2542B90700B29CD3 /* Main.storyboard */ = {
			isa = PBXVariantGroup;
			children = (
				18D6B75C2542B90700B29CD3 /* Base */,
			);
			name = Main.storyboard;
			sourceTree = "<group>";
		};
		18D6B7602542B91300B29CD3 /* LaunchScreen.storyboard */ = {
			isa = PBXVariantGroup;
			children = (
				18D6B7612542B91300B29CD3 /* Base */,
			);
			name = LaunchScreen.storyboard;
			sourceTree = "<group>";
		};
/* End PBXVariantGroup section */

/* Begin XCBuildConfiguration section */
		18D6B7642542B91300B29CD3 /* Debug */ = {
			isa = XCBuildConfiguration;
			buildSettings = {
				ALWAYS_SEARCH_USER_PATHS = NO;
				CLANG_ANALYZER_NONNULL = YES;
				CLANG_ANALYZER_NUMBER_OBJECT_CONVERSION = YES_AGGRESSIVE;
				CLANG_CXX_LANGUAGE_STANDARD = "gnu++14";
				CLANG_CXX_LIBRARY = "libc++";
				CLANG_ENABLE_MODULES = YES;
				CLANG_ENABLE_OBJC_ARC = YES;
				CLANG_ENABLE_OBJC_WEAK = YES;
				CLANG_WARN_BLOCK_CAPTURE_AUTORELEASING = YES;
				CLANG_WARN_BOOL_CONVERSION = YES;
				CLANG_WARN_COMMA = YES;
				CLANG_WARN_CONSTANT_CONVERSION = YES;
				CLANG_WARN_DEPRECATED_OBJC_IMPLEMENTATIONS = YES;
				CLANG_WARN_DIRECT_OBJC_ISA_USAGE = YES_ERROR;
				CLANG_WARN_DOCUMENTATION_COMMENTS = YES;
				CLANG_WARN_EMPTY_BODY = YES;
				CLANG_WARN_ENUM_CONVERSION = YES;
				CLANG_WARN_INFINITE_RECURSION = YES;
				CLANG_WARN_INT_CONVERSION = YES;
				CLANG_WARN_NON_LITERAL_NULL_CONVERSION = YES;
				CLANG_WARN_OBJC_IMPLICIT_RETAIN_SELF = YES;
				CLANG_WARN_OBJC_LITERAL_CONVERSION = YES;
				CLANG_WARN_OBJC_ROOT_CLASS = YES_ERROR;
				CLANG_WARN_QUOTED_INCLUDE_IN_FRAMEWORK_HEADER = YES;
				CLANG_WARN_RANGE_LOOP_ANALYSIS = YES;
				CLANG_WARN_STRICT_PROTOTYPES = YES;
				CLANG_WARN_SUSPICIOUS_MOVE = YES;
				CLANG_WARN_UNGUARDED_AVAILABILITY = YES_AGGRESSIVE;
				CLANG_WARN_UNREACHABLE_CODE = YES;
				CLANG_WARN__DUPLICATE_METHOD_MATCH = YES;
				COPY_PHASE_STRIP = NO;
				DEBUG_INFORMATION_FORMAT = dwarf;
				ENABLE_STRICT_OBJC_MSGSEND = YES;
				ENABLE_TESTABILITY = YES;
				GCC_C_LANGUAGE_STANDARD = gnu11;
				GCC_DYNAMIC_NO_PIC = NO;
				GCC_NO_COMMON_BLOCKS = YES;
				GCC_OPTIMIZATION_LEVEL = 0;
				GCC_PREPROCESSOR_DEFINITIONS = (
					"DEBUG=1",
					"$(inherited)",
				);
				GCC_WARN_64_TO_32_BIT_CONVERSION = YES;
				GCC_WARN_ABOUT_RETURN_TYPE = YES_ERROR;
				GCC_WARN_UNDECLARED_SELECTOR = YES;
				GCC_WARN_UNINITIALIZED_AUTOS = YES_AGGRESSIVE;
				GCC_WARN_UNUSED_FUNCTION = YES;
				GCC_WARN_UNUSED_VARIABLE = YES;
				IPHONEOS_DEPLOYMENT_TARGET = 14.1;
				MTL_ENABLE_DEBUG_INFO = INCLUDE_SOURCE;
				MTL_FAST_MATH = YES;
				ONLY_ACTIVE_ARCH = YES;
				SDKROOT = iphoneos;
				SWIFT_ACTIVE_COMPILATION_CONDITIONS = DEBUG;
				SWIFT_OPTIMIZATION_LEVEL = "-Onone";
			};
			name = Debug;
		};
		18D6B7652542B91300B29CD3 /* Release */ = {
			isa = XCBuildConfiguration;
			buildSettings = {
				ALWAYS_SEARCH_USER_PATHS = NO;
				CLANG_ANALYZER_NONNULL = YES;
				CLANG_ANALYZER_NUMBER_OBJECT_CONVERSION = YES_AGGRESSIVE;
				CLANG_CXX_LANGUAGE_STANDARD = "gnu++14";
				CLANG_CXX_LIBRARY = "libc++";
				CLANG_ENABLE_MODULES = YES;
				CLANG_ENABLE_OBJC_ARC = YES;
				CLANG_ENABLE_OBJC_WEAK = YES;
				CLANG_WARN_BLOCK_CAPTURE_AUTORELEASING = YES;
				CLANG_WARN_BOOL_CONVERSION = YES;
				CLANG_WARN_COMMA = YES;
				CLANG_WARN_CONSTANT_CONVERSION = YES;
				CLANG_WARN_DEPRECATED_OBJC_IMPLEMENTATIONS = YES;
				CLANG_WARN_DIRECT_OBJC_ISA_USAGE = YES_ERROR;
				CLANG_WARN_DOCUMENTATION_COMMENTS = YES;
				CLANG_WARN_EMPTY_BODY = YES;
				CLANG_WARN_ENUM_CONVERSION = YES;
				CLANG_WARN_INFINITE_RECURSION = YES;
				CLANG_WARN_INT_CONVERSION = YES;
				CLANG_WARN_NON_LITERAL_NULL_CONVERSION = YES;
				CLANG_WARN_OBJC_IMPLICIT_RETAIN_SELF = YES;
				CLANG_WARN_OBJC_LITERAL_CONVERSION = YES;
				CLANG_WARN_OBJC_ROOT_CLASS = YES_ERROR;
				CLANG_WARN_QUOTED_INCLUDE_IN_FRAMEWORK_HEADER = YES;
				CLANG_WARN_RANGE_LOOP_ANALYSIS = YES;
				CLANG_WARN_STRICT_PROTOTYPES = YES;
				CLANG_WARN_SUSPICIOUS_MOVE = YES;
				CLANG_WARN_UNGUARDED_AVAILABILITY = YES_AGGRESSIVE;
				CLANG_WARN_UNREACHABLE_CODE = YES;
				CLANG_WARN__DUPLICATE_METHOD_MATCH = YES;
				COPY_PHASE_STRIP = NO;
				DEBUG_INFORMATION_FORMAT = "dwarf-with-dsym";
				ENABLE_NS_ASSERTIONS = NO;
				ENABLE_STRICT_OBJC_MSGSEND = YES;
				GCC_C_LANGUAGE_STANDARD = gnu11;
				GCC_NO_COMMON_BLOCKS = YES;
				GCC_WARN_64_TO_32_BIT_CONVERSION = YES;
				GCC_WARN_ABOUT_RETURN_TYPE = YES_ERROR;
				GCC_WARN_UNDECLARED_SELECTOR = YES;
				GCC_WARN_UNINITIALIZED_AUTOS = YES_AGGRESSIVE;
				GCC_WARN_UNUSED_FUNCTION = YES;
				GCC_WARN_UNUSED_VARIABLE = YES;
				IPHONEOS_DEPLOYMENT_TARGET = 14.1;
				MTL_ENABLE_DEBUG_INFO = NO;
				MTL_FAST_MATH = YES;
				SDKROOT = iphoneos;
				SWIFT_COMPILATION_MODE = wholemodule;
				SWIFT_OPTIMIZATION_LEVEL = "-O";
				VALIDATE_PRODUCT = YES;
			};
			name = Release;
		};
		18D6B7672542B91300B29CD3 /* Debug */ = {
			isa = XCBuildConfiguration;
			buildSettings = {
				ASSETCATALOG_COMPILER_APPICON_NAME = AppIcon;
				ASSETCATALOG_COMPILER_GLOBAL_ACCENT_COLOR_NAME = AccentColor;
				CODE_SIGN_STYLE = Automatic;
				DEVELOPMENT_TEAM = 97GS54QT3Z;
				INFOPLIST_FILE = First_Project/Info.plist;
				IPHONEOS_DEPLOYMENT_TARGET = 14.0;
				LD_RUNPATH_SEARCH_PATHS = (
					"$(inherited)",
					"@executable_path/Frameworks",
				);
				PRODUCT_BUNDLE_IDENTIFIER = "teralflop.First-Project";
				PRODUCT_NAME = "$(TARGET_NAME)";
				SWIFT_VERSION = 5.0;
				TARGETED_DEVICE_FAMILY = "1,2";
			};
			name = Debug;
		};
		18D6B7682542B91300B29CD3 /* Release */ = {
			isa = XCBuildConfiguration;
			buildSettings = {
				ASSETCATALOG_COMPILER_APPICON_NAME = AppIcon;
				ASSETCATALOG_COMPILER_GLOBAL_ACCENT_COLOR_NAME = AccentColor;
				CODE_SIGN_STYLE = Automatic;
				DEVELOPMENT_TEAM = 97GS54QT3Z;
				INFOPLIST_FILE = First_Project/Info.plist;
				IPHONEOS_DEPLOYMENT_TARGET = 14.0;
				LD_RUNPATH_SEARCH_PATHS = (
					"$(inherited)",
					"@executable_path/Frameworks",
				);
				PRODUCT_BUNDLE_IDENTIFIER = "teralflop.First-Project";
				PRODUCT_NAME = "$(TARGET_NAME)";
				SWIFT_VERSION = 5.0;
				TARGETED_DEVICE_FAMILY = "1,2";
			};
			name = Release;
		};
/* End XCBuildConfiguration section */

/* Begin XCConfigurationList section */
		18D6B74D2542B90700B29CD3 /* Build configuration list for PBXProject "First_Project" */ = {
			isa = XCConfigurationList;
			buildConfigurations = (
				18D6B7642542B91300B29CD3 /* Debug */,
				18D6B7652542B91300B29CD3 /* Release */,
			);
			defaultConfigurationIsVisible = 0;
			defaultConfigurationName = Release;
		};
		18D6B7662542B91300B29CD3 /* Build configuration list for PBXNativeTarget "First_Project" */ = {
			isa = XCConfigurationList;
			buildConfigurations = (
				18D6B7672542B91300B29CD3 /* Debug */,
				18D6B7682542B91300B29CD3 /* Release */,
			);
			defaultConfigurationIsVisible = 0;
			defaultConfigurationName = Release;
		};
/* End XCConfigurationList section */
	};
	rootObject = 18D6B74A2542B90700B29CD3 /* Project object */;
}
